
Microsoft Visual Studio Solution File, Format Version 12.00
# Visual Studio Version 17
VisualStudioVersion = 17.11.35222.181
MinimumVisualStudioVersion = 10.0.40219.1
Project("{FAE04EC0-301F-11D3-BF4B-00C04F79EFBC}") = "fifo-lifo", "fifo-lifo\fifo-lifo.csproj", "{7DF65777-CEE5-4F86-A969-97987181260F}"
EndProject
Global
	GlobalSection(SolutionConfigurationPlatforms) = preSolution
		Debug|Any CPU = Debug|Any CPU
		Release|Any CPU = Release|Any CPU
	EndGlobalSection
	GlobalSection(ProjectConfigurationPlatforms) = postSolution
		{7DF65777-CEE5-4F86-A969-97987181260F}.Debug|Any CPU.ActiveCfg = Debug|Any CPU
		{7DF65777-CEE5-4F86-A969-97987181260F}.Debug|Any CPU.Build.0 = Debug|Any CPU
		{7DF65777-CEE5-4F86-A969-97987181260F}.Release|Any CPU.ActiveCfg = Release|Any CPU
		{7DF65777-CEE5-4F86-A969-97987181260F}.Release|Any CPU.Build.0 = Release|Any CPU
	EndGlobalSection
	GlobalSection(SolutionProperties) = preSolution
		HideSolutionNode = FALSE
	EndGlobalSection
	GlobalSection(ExtensibilityGlobals) = postSolution
		SolutionGuid = {18BE6454-F0A2-4684-ACB0-61A18AE895DB}
	EndGlobalSection
EndGlobal
